# THIS IS AN AUTOGENERATED FILE. DO NOT EDIT THIS FILE DIRECTLY.
# yarn lockfile v1


"@pixi/accessibility@6.0.4":
  version "6.0.4"
  resolved "https://registry.yarnpkg.com/@pixi/accessibility/-/accessibility-6.0.4.tgz#842ff8e4303cbc46fc2dd02c263a110fd23fb656"
  integrity sha512-S0Co6M+BIx+Yk3INCwGp5Xif0jIv/uj5JPMbctpMV7fSsE3x0nYvcOOAfBjkGhYcXG7fNOGrYLgs5XQOBIWGtA==
  dependencies:
    "@pixi/canvas-renderer" "6.0.4"
    "@pixi/core" "6.0.4"
    "@pixi/display" "6.0.4"
    "@pixi/utils" "6.0.4"

"@pixi/app@6.0.4":
  version "6.0.4"
  resolved "https://registry.yarnpkg.com/@pixi/app/-/app-6.0.4.tgz#138ce670c057dc351f3b88e6f27ac0fa6edf5cb0"
  integrity sha512-+BiuaQtnOBR5/Q8+nXnHE2tuZyuBnqy/cwbIR1ImPnKAs7UaCcRLf1R0RvnRFu4KMP4ozTd810p0k84TzIguTA==
  dependencies:
    "@pixi/core" "6.0.4"
    "@pixi/display" "6.0.4"

"@pixi/canvas-renderer@6.0.4":
  version "6.0.4"
  resolved "https://registry.yarnpkg.com/@pixi/canvas-renderer/-/canvas-renderer-6.0.4.tgz#98fbd7c0e6aeb92e01cc9fe61e634693515bd735"
  integrity sha512-z2r1nzYsAp9+gipvlFCj0rd0yfjVq1hTQkyWuMbo5TrePdEo3NLRrCUGo1dHJNbeSERpgGNN05OAiGQbAI+AUg==
  dependencies:
    "@pixi/constants" "6.0.4"
    "@pixi/core" "6.0.4"
    "@pixi/math" "6.0.4"
    "@pixi/settings" "6.0.4"
    "@pixi/utils" "6.0.4"

"@pixi/compressed-textures@6.0.4":
  version "6.0.4"
  resolved "https://registry.yarnpkg.com/@pixi/compressed-textures/-/compressed-textures-6.0.4.tgz#84980b62ae1b499d2874a825b52b6e5e2c8b8e45"
  integrity sha512-AqQPuuXcNrR28YT69SZhRxRRwzqQcQ/QrlexAR9Fohpe+jfDnvlNaIvQQoXU7HxD7huRiQ/dm3nwsLiKPqVoTg==
  dependencies:
    "@pixi/constants" "6.0.4"
    "@pixi/core" "6.0.4"
    "@pixi/loaders" "6.0.4"
    "@pixi/utils" "6.0.4"

"@pixi/constants@6.0.4":
  version "6.0.4"
  resolved "https://registry.yarnpkg.com/@pixi/constants/-/constants-6.0.4.tgz#c0fb4ff79a81ad5dd2ce1bb3a1b8b3f2f01e221a"
  integrity sha512-khwRMfuHVdFk93L+bf0mmCwtSloYlfBfjdseIAbJL+VSpeMG1S2DzCYlMCPdp4mvDLU9LvkH2U2leZGEIx5j7g==

"@pixi/core@6.0.4":
  version "6.0.4"
  resolved "https://registry.yarnpkg.com/@pixi/core/-/core-6.0.4.tgz#81979d49579c3b54df5f3da76d74037d82dd2d4d"
  integrity sha512-r1ceyAz0z3usUs0uj4u2986vVT2tQixGNin2o9FNhPFDXbN5EaoKHLtrjGBt1iylK/EUH/nfL5zq0SGa/loW0A==
  dependencies:
    "@pixi/constants" "6.0.4"
    "@pixi/math" "6.0.4"
    "@pixi/runner" "6.0.4"
    "@pixi/settings" "6.0.4"
    "@pixi/ticker" "6.0.4"
    "@pixi/utils" "6.0.4"

"@pixi/display@6.0.4":
  version "6.0.4"
  resolved "https://registry.yarnpkg.com/@pixi/display/-/display-6.0.4.tgz#f192edb57a1d68d0616b2d379284a84490df0411"
  integrity sha512-v6hjx5Gm5aIlLQ7xrsZ2lstI1cv/MtbWXJOhU8LXckkrHHUvAuJgml3+0pcHw8YLuOlepZngUuiqy/XjceVk8A==
  dependencies:
    "@pixi/math" "6.0.4"
    "@pixi/settings" "6.0.4"
    "@pixi/utils" "6.0.4"

"@pixi/extract@6.0.4":
  version "6.0.4"
  resolved "https://registry.yarnpkg.com/@pixi/extract/-/extract-6.0.4.tgz#91eba76f402fea759a23a8a0b800d3c602cc82b6"
  integrity sha512-xf/pnc5od7YJ8zCVIrv1km7i+P+rxYcSrrBI/hqX+qoVsI5EySKInf2GhCKHz4UjOHdSL5aPDnNYvzssNdIpdQ==
  dependencies:
    "@pixi/core" "6.0.4"
    "@pixi/math" "6.0.4"
    "@pixi/utils" "6.0.4"

"@pixi/filter-adjustment@4.1.3":
  version "4.1.3"
  resolved "https://registry.yarnpkg.com/@pixi/filter-adjustment/-/filter-adjustment-4.1.3.tgz#61e34b4dd9766ccf40463f0538201bf68f78df66"
  integrity sha512-W+NhPiZRYKoRToa5+tkU95eOw8gnS5dfIp3ZP+pLv2mdER9RI+4xHxp1uLHMqUYZViTaMdZIIoVOuCgHFPYCbQ==

"@pixi/filter-advanced-bloom@4.1.3":
  version "4.1.3"
  resolved "https://registry.yarnpkg.com/@pixi/filter-advanced-bloom/-/filter-advanced-bloom-4.1.3.tgz#32377501631d7199714ebb9638a22c95960f1c79"
  integrity sha512-q90BeF8EhFwpuc9E617cCmtWTZjE3Yj99k1kHTkS5cZ2aJkQnV+psYW8gRxJ4tHZ/PLi96uhk6TocSccVj/vmg==
  dependencies:
    "@pixi/filter-kawase-blur" "4.1.3"

"@pixi/filter-alpha@6.0.4":
  version "6.0.4"
  resolved "https://registry.yarnpkg.com/@pixi/filter-alpha/-/filter-alpha-6.0.4.tgz#1e24c83855a4d5e61a59236bd74833977cd9dccd"
  integrity sha512-MZEfvNPfH2NfrwgqKhwwzurnbLujphx4KNQmS63MEZTvXuQJy16DEOs459APYF6PmeGAGuDPKd5Onk/VbLRUwQ==
  dependencies:
    "@pixi/core" "6.0.4"

"@pixi/filter-ascii@4.1.3":
  version "4.1.3"
  resolved "https://registry.yarnpkg.com/@pixi/filter-ascii/-/filter-ascii-4.1.3.tgz#7fb749b67e5f9457d1d1b9a7136e026c3d6bf683"
  integrity sha512-NeOTUkqS8hfHXsRlVhaluuO2BZFVRXzBClWubcLae4s8Mw9eddl8jXU0BeAHQ4ZE6ZRXswTkc4c1x6aPOvZMlw==

"@pixi/filter-bevel@4.1.3":
  version "4.1.3"
  resolved "https://registry.yarnpkg.com/@pixi/filter-bevel/-/filter-bevel-4.1.3.tgz#626465591acb99697eefc80ff178a7d759eca6e9"
  integrity sha512-Wagrk0AFFgzSTUtvIShzTwIOE3ZxBD9pMUDZMsNE7gExxuusLUc7j6agTZVR/48c/9S5Anq7anrqLbI1iA1xNQ==

"@pixi/filter-bloom@4.1.3":
  version "4.1.3"
  resolved "https://registry.yarnpkg.com/@pixi/filter-bloom/-/filter-bloom-4.1.3.tgz#26ca0057e9ee0a57638740ec59b28e8eeed69953"
  integrity sha512-FHrFLxH3csWopZdWbrA/NgI1p8U9OD1Ji8wbfAOwJljn8z27vzBKJL9i1Mo5VLbuXSmqh0B61G0Y+WOUkRGpNA==

"@pixi/filter-blur@6.0.4":
  version "6.0.4"
  resolved "https://registry.yarnpkg.com/@pixi/filter-blur/-/filter-blur-6.0.4.tgz#23a735192962598fd88ef031cc85b9ab65455a5c"
  integrity sha512-Hb14geh8ZKc8jZ4lfKyeWThLMqIvha6DdRUTfiSdKe3L7Q6qwqsb7LPtIrZHAPEQCyFLWbcOvRMy6ZFy0YkpLA==
  dependencies:
    "@pixi/core" "6.0.4"
    "@pixi/settings" "6.0.4"

"@pixi/filter-bulge-pinch@4.1.3":
  version "4.1.3"
  resolved "https://registry.yarnpkg.com/@pixi/filter-bulge-pinch/-/filter-bulge-pinch-4.1.3.tgz#5a667ee0cf99d76fce3200b06e496d8d1db769ce"
  integrity sha512-ScSC1d8sQHB+Xh7GPIIUUoxHpx6akvrF/aTXUtRFZa1OER0cQdVAEzfuH3Mk5CGwnnl64s2esWg6hiNhkaPbgQ==

"@pixi/filter-color-map@4.1.3":
  version "4.1.3"
  resolved "https://registry.yarnpkg.com/@pixi/filter-color-map/-/filter-color-map-4.1.3.tgz#7aa27a5335af1d2e5165f7e29b2eb6cdf77b6963"
  integrity sha512-yg9RylNo+oUnlxc/5i7jtgklh28SnePmYLm4eAQbR3DWFRFawj3JEZKLaoDGXsuYjvFIAgoY6ChTG/Hb2sK/UQ==

"@pixi/filter-color-matrix@6.0.4":
  version "6.0.4"
  resolved "https://registry.yarnpkg.com/@pixi/filter-color-matrix/-/filter-color-matrix-6.0.4.tgz#91e2fd981407ff5849646c47e87d93402bfced4a"
  integrity sha512-31Rf9VBo2gqoxiAbD/Z1i+mu1C7uehecoelYQqCIzLjsWisICDTZZjUkMB5GrGzjeSpSqLfB34tlutBSh/r1wg==
  dependencies:
    "@pixi/core" "6.0.4"

"@pixi/filter-color-overlay@4.1.3":
  version "4.1.3"
  resolved "https://registry.yarnpkg.com/@pixi/filter-color-overlay/-/filter-color-overlay-4.1.3.tgz#8a18b18228bf3eef0565cf15a949e9844f6337d6"
  integrity sha512-/wCKbDedfwsiqEPNEIoocdLBS2K1TjHB5ReMmKmBGPjTj6mO4eETG6juDNTj/VyIBfIv+KxUmsHLsAdGQJtS1w==

"@pixi/filter-color-replace@4.1.3":
  version "4.1.3"
  resolved "https://registry.yarnpkg.com/@pixi/filter-color-replace/-/filter-color-replace-4.1.3.tgz#907783d56e48f8cb0db6901f5c5d7303afb5472e"
  integrity sha512-Q0J9RKSMBh1XJAFauVgM8WITDp3ejFuUJbnyiUi4wIz9jWEYA9MvcAV9Y04LD4u4k0mKou3UX0rBhJeOIx4HEA==

"@pixi/filter-convolution@4.1.3":
  version "4.1.3"
  resolved "https://registry.yarnpkg.com/@pixi/filter-convolution/-/filter-convolution-4.1.3.tgz#b03d165b4b57208d3bd10c7e4bf99c7e521ac964"
  integrity sha512-d4Y89S9/Y72KPZYS3n84jgwzExkoDK2W99qmyH8VjDIz0Nj14RTLXz1NHwTQC7nl1inFYQWLfudmRX8QmrC4ww==

"@pixi/filter-cross-hatch@4.1.3":
  version "4.1.3"
  resolved "https://registry.yarnpkg.com/@pixi/filter-cross-hatch/-/filter-cross-hatch-4.1.3.tgz#d5eb38d7e9f4c532755fe82c2de343275bf86f4b"
  integrity sha512-tnRwOR0POApJMTP3dggj9UQszikIZOU8Z9jjzB4pyKHSCNGFuALkN2CkjMyOojA0Cxtia0HbmU5v+CzSahOwVQ==

"@pixi/filter-crt@4.1.3":
  version "4.1.3"
  resolved "https://registry.yarnpkg.com/@pixi/filter-crt/-/filter-crt-4.1.3.tgz#17cf7ed4c89be8de7c3486e6aa3c219713b3066d"
  integrity sha512-LQPbMj9pQgJnfjwHUQOprn1Yt+m0gMg4R+1a2qpW/8DvEw/jx5byO4t+hIXrhauiOhS1JzHXg2bWaVzkjLLzGw==

"@pixi/filter-displacement@6.0.4":
  version "6.0.4"
  resolved "https://registry.yarnpkg.com/@pixi/filter-displacement/-/filter-displacement-6.0.4.tgz#eaa599f8753533864a4a722a72f3e929f47c2a02"
  integrity sha512-Oyk/WbzxlN46d/uB5NtPLfEW2G6ob5XRP+mPVd8yhK38m9Y9rKlcH4jJoWB2niQ+ewkdRfZhuIB+JRdhc9eevg==
  dependencies:
    "@pixi/core" "6.0.4"
    "@pixi/math" "6.0.4"

"@pixi/filter-dot@4.1.3":
  version "4.1.3"
  resolved "https://registry.yarnpkg.com/@pixi/filter-dot/-/filter-dot-4.1.3.tgz#c92b5cacb9694de9e30d14df615bc7eae4e369f3"
  integrity sha512-BPp6OvXgF7mFXAy85hg7IcvXp41H7V0ninQp2WSt/DKAuZw8xG7yZv7yzf2GK+By469dfm5hmegNATqndo4hBw==

"@pixi/filter-drop-shadow@4.1.3":
  version "4.1.3"
  resolved "https://registry.yarnpkg.com/@pixi/filter-drop-shadow/-/filter-drop-shadow-4.1.3.tgz#31f9f6815c4c7f58a308f617e75fff0b71299bac"
  integrity sha512-H6oGNmfg6fT/6yOgg8qe8LhAviqPquJmyQ9GIEItaY27rQ3virgIRjNzptlTXbH+mCHrRl5VNA9+4pLJbUMsuA==
  dependencies:
    "@pixi/filter-kawase-blur" "4.1.3"

"@pixi/filter-emboss@4.1.3":
  version "4.1.3"
  resolved "https://registry.yarnpkg.com/@pixi/filter-emboss/-/filter-emboss-4.1.3.tgz#6c7b58498d50257772ac207f4a56f4475c03809f"
  integrity sha512-MUcjcJZv7qVrkEwpO/xsxai3gutMoCYLIHZyz0XM0LHHa5i0SjWSbck9lRpCRlWrKMIoQP1f7aQEMcnnumvg/Q==

"@pixi/filter-fxaa@6.0.4":
  version "6.0.4"
  resolved "https://registry.yarnpkg.com/@pixi/filter-fxaa/-/filter-fxaa-6.0.4.tgz#da8b4bd2349f2e2b4969b805a3375e67e4187cc2"
  integrity sha512-cO5XuEIq//Wsk4MjrCYuXff+1/Gfc4bkFkMTO5JKvUaDlZzHNykZd5CeAouD2fz7/6/1z0gdWKbBY9IoameBew==
  dependencies:
    "@pixi/core" "6.0.4"

"@pixi/filter-glitch@4.1.3":
  version "4.1.3"
  resolved "https://registry.yarnpkg.com/@pixi/filter-glitch/-/filter-glitch-4.1.3.tgz#efb370f174d2fb839e5e3e86357432604773f238"
  integrity sha512-lPxpQOE5EY/06lTdy1xAGvLcjK07zB41NuendVXXOzvezvecI+CwqRAG8LKF1s+o0Cwf/p6XHV3WOvC+tM1CSw==

"@pixi/filter-glow@4.1.3":
  version "4.1.3"
  resolved "https://registry.yarnpkg.com/@pixi/filter-glow/-/filter-glow-4.1.3.tgz#bae99517dcc99b7d754783da10a67993a0954efc"
  integrity sha512-vf89rjY2a/GPfdTV9r06TGkVrcexiCXgUOxfMVpYGQnjd4i74q7D8nMXgmij+0VN5ee78/rb29fGzQmHW5Lsdg==

"@pixi/filter-godray@4.1.3":
  version "4.1.3"
  resolved "https://registry.yarnpkg.com/@pixi/filter-godray/-/filter-godray-4.1.3.tgz#f1d828c701075981f4d973738ccf429d3d13831c"
  integrity sha512-EeGW4lL85TJjn1elpE5YtuM3BNoLT7BFiT3PFEvl6rCNwTz6ZN0c/nWD4MkzhcO/yYOrFrMlDwTT994YOBm09A==

"@pixi/filter-kawase-blur@4.1.3":
  version "4.1.3"
  resolved "https://registry.yarnpkg.com/@pixi/filter-kawase-blur/-/filter-kawase-blur-4.1.3.tgz#4d2bf0cbcc3250f06f25dc8e3579255a6fc1b4fa"
  integrity sha512-T5nypyWjEwjLIqR9MrOYXduxuMaXr8zRBvwSDeSmhZpp4oPDE+ChxiIWKoruZ8pTDDqdIhHJ5ZeXMTFEOlOlgA==

"@pixi/filter-motion-blur@4.1.3":
  version "4.1.3"
  resolved "https://registry.yarnpkg.com/@pixi/filter-motion-blur/-/filter-motion-blur-4.1.3.tgz#44e77972d83a2a12723764043d21a30ca80e1903"
  integrity sha512-x4Mwa9SxfZkHC3wX1JmprVhpJp501+UVba3phZFPaBySGrxbXZekTf27VM7wbLvBQvsnDQQWr3gSe0J42sjtig==

"@pixi/filter-multi-color-replace@4.1.3":
  version "4.1.3"
  resolved "https://registry.yarnpkg.com/@pixi/filter-multi-color-replace/-/filter-multi-color-replace-4.1.3.tgz#369badda0c2ca9eff1a1e2db548f877fcfe1a63a"
  integrity sha512-NYJghGEBDDRySLypF+KPuY8SaPK5p0Yu1GE+HrhvSh/jBGHYyU8SZJuRUXIRkfcbnLnqMRPOXMrqXsjZncDlsw==

"@pixi/filter-noise@6.0.4":
  version "6.0.4"
  resolved "https://registry.yarnpkg.com/@pixi/filter-noise/-/filter-noise-6.0.4.tgz#2264b2555c64de23f213e7c8fe64cf3fd9fef32a"
  integrity sha512-Fpex0tpKCwZIsN03zAmN7hAOCocFF/w4XVVIkuNgYR5A90OkK+omR6p/fDtlJtlAjWarsWq0y+c5wvvUMfqsmg==
  dependencies:
    "@pixi/core" "6.0.4"

"@pixi/filter-old-film@4.1.3":
  version "4.1.3"
  resolved "https://registry.yarnpkg.com/@pixi/filter-old-film/-/filter-old-film-4.1.3.tgz#989d5728faf85fc8f7942924caf1b28cc0cee71b"
  integrity sha512-2pACBVgKVtU8vDM2OVu9BmdAlYxfBUJljQbvW3JyR4NCn/bkv2hv8ObJxfESpya48B9i336V5gmXmaIv2rp0ZA==

"@pixi/filter-outline@4.1.3":
  version "4.1.3"
  resolved "https://registry.yarnpkg.com/@pixi/filter-outline/-/filter-outline-4.1.3.tgz#fce744a3d1ca86fa8d6a1cb4ec0a44ae5b43d237"
  integrity sha512-GduzlDySHsq2omPR0CRvWlzsnXqKX+uZt0T/Aetk+FOK36j19oxTQqR1l776ruOjftgfvbnCpN+o6NyuvBKf5g==

"@pixi/filter-pixelate@4.1.3":
  version "4.1.3"
  resolved "https://registry.yarnpkg.com/@pixi/filter-pixelate/-/filter-pixelate-4.1.3.tgz#8200ccf4e47803a5b2f86ab3a755d438769b0e37"
  integrity sha512-1YEc46GO08C2nc54P/9yxWH7TaVTNoJe+EEvuXKiSITVadr4fEizkm607m+VAt6Ngv6bYpCAxO36HoRTFf3mAw==

"@pixi/filter-radial-blur@4.1.3":
  version "4.1.3"
  resolved "https://registry.yarnpkg.com/@pixi/filter-radial-blur/-/filter-radial-blur-4.1.3.tgz#66b184ad9c0606b190b850da0c0ff8c9e6cca030"
  integrity sha512-VGy2372pgP1Wh182gx6b41+UcH/21QdLPD4fKCQkHxQUlFgsLNoEmtDpcghxe8uBjdZxAzbaGaZONsR+Q1ueOQ==

"@pixi/filter-reflection@4.1.3":
  version "4.1.3"
  resolved "https://registry.yarnpkg.com/@pixi/filter-reflection/-/filter-reflection-4.1.3.tgz#03ae8500ba6c40178015877b318e89b55e8b8ab5"
  integrity sha512-3C1i/9fzKplaACmjEs5bqSqCs3MwVq0yGGZFQb2kcEH9gYI2NZv3Rxu6xyzDq5cd8ZS59Cw1qLAJIlgEEBgDMQ==

"@pixi/filter-rgb-split@4.1.3":
  version "4.1.3"
  resolved "https://registry.yarnpkg.com/@pixi/filter-rgb-split/-/filter-rgb-split-4.1.3.tgz#dfe68d36cf344b2644ceee9fd50f1bd970639b12"
  integrity sha512-oPbDz5PlpDqJh8+Z87k9l3mZQCcyZTU1/45hd5Y9H+CoTWsBGcRE7jJFUVW4TjDPlTjVCkBXkOgbz1fVzPPhFg==

"@pixi/filter-shockwave@4.1.3":
  version "4.1.3"
  resolved "https://registry.yarnpkg.com/@pixi/filter-shockwave/-/filter-shockwave-4.1.3.tgz#6d23a629ec2338676a3823eebb426ba7285e0a5e"
  integrity sha512-A64f8DxUgqu/Uph8dpEw74xoVt9yaBE3lh6GcmLUMaaLicIvFvMSLyOpGI0CbBvYMPZDyWcnki7FtWH6gTBxcA==

"@pixi/filter-simple-lightmap@4.1.3":
  version "4.1.3"
  resolved "https://registry.yarnpkg.com/@pixi/filter-simple-lightmap/-/filter-simple-lightmap-4.1.3.tgz#f563abc9a8f3804986acf2caef577f087963af20"
  integrity sha512-8+zJMU5OHA3NzTiuW8UB80TclDp2N5TxMe56oEB6AzzPecZ7dp7qg0hshVINity97fhb0QEkGAlFtk33MPoo9A==

"@pixi/filter-tilt-shift@4.1.3":
  version "4.1.3"
  resolved "https://registry.yarnpkg.com/@pixi/filter-tilt-shift/-/filter-tilt-shift-4.1.3.tgz#e0523adbcadfd1eaba2c270f19162248d3e88a78"
  integrity sha512-MVRVpFZzN5CSAdI40kUWoZiDID99ZSwSON14l1dZU6zCORaMky5yJEmvkxNWFxFJlolagwzu2Hz4vQHq6Gql7g==

"@pixi/filter-twist@4.1.3":
  version "4.1.3"
  resolved "https://registry.yarnpkg.com/@pixi/filter-twist/-/filter-twist-4.1.3.tgz#3eb83ae0694007b96e643621685b720abd0a5ef5"
  integrity sha512-Mp4b7ybr5m8VjCebva6o1ef88QvbK0VZtXbgxoi2sWo3l9zvQoKwrNsDny3eLNMba3ha1eOmCd/WcB+KwZYnzw==

"@pixi/filter-zoom-blur@4.1.3":
  version "4.1.3"
  resolved "https://registry.yarnpkg.com/@pixi/filter-zoom-blur/-/filter-zoom-blur-4.1.3.tgz#a65a548d208584c332acad7c8dedefbe856f9522"
  integrity sha512-fXdexlzfmZxLAcCq86fOUyPI+Fb7nwyn2FzBYVQ1GALAASEBEzCVJup4gYpZkMUn1c3sjrSAkE33EVf9cuis6A==

"@pixi/graphics@6.0.4":
  version "6.0.4"
  resolved "https://registry.yarnpkg.com/@pixi/graphics/-/graphics-6.0.4.tgz#3d2e75acb8145a80275b194413b06fb28505c663"
  integrity sha512-CybR+DBkGB5llypPeib2A0J13mnPQwlQDqLRhlhXKkYxXQKXlPk5MWA7ZEg+4wKeqUUlrC+k70e5ZFYLC3AgEQ==
  dependencies:
    "@pixi/constants" "6.0.4"
    "@pixi/core" "6.0.4"
    "@pixi/display" "6.0.4"
    "@pixi/math" "6.0.4"
    "@pixi/sprite" "6.0.4"
    "@pixi/utils" "6.0.4"

"@pixi/interaction@6.0.4":
  version "6.0.4"
  resolved "https://registry.yarnpkg.com/@pixi/interaction/-/interaction-6.0.4.tgz#9b1eaf903997adb55df0068d080ce6c2b4467042"
  integrity sha512-4+FOKDpiF/+F9r3+y81xTBElcLqI3OpeeI9bkIw9pPHA41riXRQv+m0HWz76bGQK7zDAimAV9K2xff7Wa5nSeg==
  dependencies:
    "@pixi/core" "6.0.4"
    "@pixi/display" "6.0.4"
    "@pixi/math" "6.0.4"
    "@pixi/ticker" "6.0.4"
    "@pixi/utils" "6.0.4"

"@pixi/loaders@6.0.4":
  version "6.0.4"
  resolved "https://registry.yarnpkg.com/@pixi/loaders/-/loaders-6.0.4.tgz#1d7dc1aa762627396e63d0bc1276e134d12c2ef3"
  integrity sha512-cw8QSkn8l8P06fINfwCZW+vUdhtOJ5G+T2qQm3HIDgI/J1tAsiRj3ufHop8xkHwYXrUeTf1LTqw+QdlZEVpJfg==
  dependencies:
    "@pixi/constants" "6.0.4"
    "@pixi/core" "6.0.4"
    "@pixi/utils" "6.0.4"
    resource-loader "^3.0.1"

"@pixi/math@6.0.4":
  version "6.0.4"
  resolved "https://registry.yarnpkg.com/@pixi/math/-/math-6.0.4.tgz#360a8edd0dcbb7ff3a3053cf2dad9227a95e36f4"
  integrity sha512-UwZ72CeZ2KsS4IlcEXgNiuD88omPk42Dct74+1G+R2+yPI+XRZq+hGQRTle/BbFYjxh9ccdQVyX9ToGv1XTd6Q==

"@pixi/mesh-extras@6.0.4":
  version "6.0.4"
  resolved "https://registry.yarnpkg.com/@pixi/mesh-extras/-/mesh-extras-6.0.4.tgz#eb7f458eb7d1b6de52cf2f5236f2a5967b9ce0cd"
  integrity sha512-2fGM8j2NBwPV71SSmMfke1N1oEQ34+J19rdaAb+p1fXex0FafqtXVO49Q8rPMvungKDplMKElzQoaC1G6JGKqA==
  dependencies:
    "@pixi/constants" "6.0.4"
    "@pixi/core" "6.0.4"
    "@pixi/math" "6.0.4"
    "@pixi/mesh" "6.0.4"
    "@pixi/utils" "6.0.4"

"@pixi/mesh@6.0.4":
  version "6.0.4"
  resolved "https://registry.yarnpkg.com/@pixi/mesh/-/mesh-6.0.4.tgz#f9b211238289a384a56f8f1abfb8693cbc5ca4e7"
  integrity sha512-uE1Qs4mXy0QVV3yjxlNeqthkXGS6Hkt5uR1fwrvdqxlQRkX69nRq+GZfInuRYDWqwAsl8eZWs7f+pLRDT+HFbA==
  dependencies:
    "@pixi/constants" "6.0.4"
    "@pixi/core" "6.0.4"
    "@pixi/display" "6.0.4"
    "@pixi/math" "6.0.4"
    "@pixi/settings" "6.0.4"
    "@pixi/utils" "6.0.4"

"@pixi/mixin-cache-as-bitmap@6.0.4":
  version "6.0.4"
  resolved "https://registry.yarnpkg.com/@pixi/mixin-cache-as-bitmap/-/mixin-cache-as-bitmap-6.0.4.tgz#ea804ab3cd35c46c6fb2ac82d782c0b9cdb9806d"
  integrity sha512-b1G5AWsxnw3CxNyaxCWJ1cWPnRECknJQ9B4D8Dy7u/gI2gABVjqz17nNFYnVpcggLlgMTkjX8+/HWnD/vZQkTg==
  dependencies:
    "@pixi/canvas-renderer" "6.0.4"
    "@pixi/core" "6.0.4"
    "@pixi/display" "6.0.4"
    "@pixi/math" "6.0.4"
    "@pixi/settings" "6.0.4"
    "@pixi/sprite" "6.0.4"
    "@pixi/utils" "6.0.4"

"@pixi/mixin-get-child-by-name@6.0.4":
  version "6.0.4"
  resolved "https://registry.yarnpkg.com/@pixi/mixin-get-child-by-name/-/mixin-get-child-by-name-6.0.4.tgz#e6cef2094e913d5f3e119a2d6289888553392459"
  integrity sha512-scUMBHlOmW0hpjltn4UCihJZvz3ysDYIW35ma9p9Lso2D9qKjsZpojQ6mc75FVWz53T0BjUmLW8LHA86Jic6MQ==
  dependencies:
    "@pixi/display" "6.0.4"

"@pixi/mixin-get-global-position@6.0.4":
  version "6.0.4"
  resolved "https://registry.yarnpkg.com/@pixi/mixin-get-global-position/-/mixin-get-global-position-6.0.4.tgz#38157b1529ae80de106cd2a368f191dc6711e4b5"
  integrity sha512-HzaFTMZEZTr6+WYuT9crTjjBYl7/Y/VDB7pWmjnntEdQsa1m0+by7Mnl67L6OSUPsAgW3MMlWirb5tL2zGFC7g==
  dependencies:
    "@pixi/display" "6.0.4"
    "@pixi/math" "6.0.4"

"@pixi/particles@6.0.4":
  version "6.0.4"
  resolved "https://registry.yarnpkg.com/@pixi/particles/-/particles-6.0.4.tgz#421a43ba78cca8ab7735473a3a70bea5785e04ea"
  integrity sha512-/57nd+icuPFMNc+SxeUqGoO8ZXEKu9u8h+UI856XF1Rc1jlXzGanGAbp43Llq2LphYqBI8YVftP0QXhewCVjjA==
  dependencies:
    "@pixi/constants" "6.0.4"
    "@pixi/core" "6.0.4"
    "@pixi/display" "6.0.4"
    "@pixi/math" "6.0.4"
    "@pixi/utils" "6.0.4"

"@pixi/polyfill@6.0.4":
  version "6.0.4"
  resolved "https://registry.yarnpkg.com/@pixi/polyfill/-/polyfill-6.0.4.tgz#0413bc61647cb169633491a9c18232f99aaa6003"
  integrity sha512-HM27pSl8iduFqUC4Waa9mt/gRKHi8Pr679it84+U4CwXmJ2lw9DL5dZuyU+QzCp2nPEVGMqx8Ig8c7WLUMvnWA==
  dependencies:
    object-assign "^4.1.1"
    promise-polyfill "^8.2.0"

"@pixi/prepare@6.0.4":
  version "6.0.4"
  resolved "https://registry.yarnpkg.com/@pixi/prepare/-/prepare-6.0.4.tgz#e68e63cf237937ac64a20927f07eafe65a2c6c30"
  integrity sha512-BrOeKC6eZ+sdiqpefUMGXIt/VDiYDqPDP7XUCRmaI8rGTFT6ZAg/XJQENb9TsVen/4dUp+9/1u7HCFO1TEhaWQ==
  dependencies:
    "@pixi/core" "6.0.4"
    "@pixi/display" "6.0.4"
    "@pixi/graphics" "6.0.4"
    "@pixi/settings" "6.0.4"
    "@pixi/text" "6.0.4"
    "@pixi/ticker" "6.0.4"

"@pixi/runner@6.0.4":
  version "6.0.4"
  resolved "https://registry.yarnpkg.com/@pixi/runner/-/runner-6.0.4.tgz#74d595169c2e42f10235be75dbeb0213bcd3f039"
  integrity sha512-ta6r36r2vC+fPB27URpSacPGQDtbJbdUoeGCJWAEwX+QI4vx4C9NYAcB0bIg8TLXiigCfA6by/RMnJ0dBiemFA==

"@pixi/settings@6.0.4":
  version "6.0.4"
  resolved "https://registry.yarnpkg.com/@pixi/settings/-/settings-6.0.4.tgz#dd93f6ebce63134c47afd093466fcb911fc9e066"
  integrity sha512-djiIsmULDwcHWNmEiZKm4zyVopu1NL+fClnbBmtDkGZw7nm37y6dOcdpYawJcxvE4/KLm6pspBiRTnrzdlqW7Q==
  dependencies:
    ismobilejs "^1.1.0"

"@pixi/sprite-animated@6.0.4":
  version "6.0.4"
  resolved "https://registry.yarnpkg.com/@pixi/sprite-animated/-/sprite-animated-6.0.4.tgz#dae6212184aeaf288b174008b85a5efd65aa8035"
  integrity sha512-uzNeJiZqcnuRc7HH/HdWxrkU7S3/D57rEGK+AuoaWEE2e2HlBWILGkf78mtqmeIrEChxe2qkOVkf4y3BZkzJVw==
  dependencies:
    "@pixi/core" "6.0.4"
    "@pixi/sprite" "6.0.4"
    "@pixi/ticker" "6.0.4"

"@pixi/sprite-tiling@6.0.4":
  version "6.0.4"
  resolved "https://registry.yarnpkg.com/@pixi/sprite-tiling/-/sprite-tiling-6.0.4.tgz#c8877537e75b471cd1fc107e3a5c3c99d05d575e"
  integrity sha512-4TBsKMeGhwmfsVELorSs+zWWBih37Kd0lPQu0uhcHVV1RKtZxZpkgNoyzKS4d+WInNek5F0E592bYsXkbE6Gag==
  dependencies:
    "@pixi/constants" "6.0.4"
    "@pixi/core" "6.0.4"
    "@pixi/display" "6.0.4"
    "@pixi/math" "6.0.4"
    "@pixi/sprite" "6.0.4"
    "@pixi/utils" "6.0.4"

"@pixi/sprite@6.0.4":
  version "6.0.4"
  resolved "https://registry.yarnpkg.com/@pixi/sprite/-/sprite-6.0.4.tgz#71af3d0fbbe6752db4b4e3b2c69192bccadcfbb3"
  integrity sha512-6yMoHmfFhSRERLM1PUXceq9e6e1UH0YJkLoPVLv6gxMunfk6jPXeO8p9dDS2FQ8ZMSkO/16BKq27HIMKvF6Cvg==
  dependencies:
    "@pixi/constants" "6.0.4"
    "@pixi/core" "6.0.4"
    "@pixi/display" "6.0.4"
    "@pixi/math" "6.0.4"
    "@pixi/settings" "6.0.4"
    "@pixi/utils" "6.0.4"

"@pixi/spritesheet@6.0.4":
  version "6.0.4"
  resolved "https://registry.yarnpkg.com/@pixi/spritesheet/-/spritesheet-6.0.4.tgz#9e65148b05fbb32c81cb4d19a8974dfcc465ee0b"
  integrity sha512-WgOBoi9KvLkHtfSyKSEzjIq6BkLwC+Ckllh+vWgfjfFDhtm7NdOfxW5WVIoCLfyfv5/NSwEMEEffZrcw4zYA/A==
  dependencies:
    "@pixi/core" "6.0.4"
    "@pixi/loaders" "6.0.4"
    "@pixi/math" "6.0.4"
    "@pixi/utils" "6.0.4"

"@pixi/text-bitmap@6.0.4":
  version "6.0.4"
  resolved "https://registry.yarnpkg.com/@pixi/text-bitmap/-/text-bitmap-6.0.4.tgz#29d468b415e8d40056eb84ba4f2e0fc6b7a3441c"
  integrity sha512-Nh2PXixqF0LFJ0xwmTib2HVWdhgsHn+dSYMVIec8LndDFQMTBw+X2XP1iHjVm0xhqOVdZI+Qfb2Trc0j2lINrw==
  dependencies:
    "@pixi/core" "6.0.4"
    "@pixi/display" "6.0.4"
    "@pixi/loaders" "6.0.4"
    "@pixi/math" "6.0.4"
    "@pixi/mesh" "6.0.4"
    "@pixi/settings" "6.0.4"
    "@pixi/text" "6.0.4"
    "@pixi/utils" "6.0.4"

"@pixi/text@6.0.4":
  version "6.0.4"
  resolved "https://registry.yarnpkg.com/@pixi/text/-/text-6.0.4.tgz#d3ce6046ecbbc226fa694516856e07d76460c3c8"
  integrity sha512-r9UJg8ivWvvS7nNyBaZBKX5zg5UCU37dIYbKXcHyiXnOvXO22tiQBfkPBrZCueeLXRouC9sHmDFya8rb5TE9HA==
  dependencies:
    "@pixi/core" "6.0.4"
    "@pixi/math" "6.0.4"
    "@pixi/settings" "6.0.4"
    "@pixi/sprite" "6.0.4"
    "@pixi/utils" "6.0.4"

"@pixi/ticker@6.0.4":
  version "6.0.4"
  resolved "https://registry.yarnpkg.com/@pixi/ticker/-/ticker-6.0.4.tgz#ff046308e5de119b8de22c5ad56c4cb37923e54f"
  integrity sha512-PkFfPP5vHlgnApLks0Ia0okmFu6KPqBdIyquDqHJAcBdgljedm32KS6K2EH37xelBOzYHScjZ2SQGiiebVfClw==
  dependencies:
    "@pixi/settings" "6.0.4"

"@pixi/utils@6.0.4":
  version "6.0.4"
  resolved "https://registry.yarnpkg.com/@pixi/utils/-/utils-6.0.4.tgz#374f642195d6aef66fe67c78918a73a09a76dfe6"
  integrity sha512-35JTWsAJ8Va0vvtUSQvyOr3kGedGKVuJnHDO89B8C8tSFtMpJYrR44vp1b1p1vOjNak+ulGehZc8LzlCqymViQ==
  dependencies:
    "@pixi/constants" "6.0.4"
    "@pixi/settings" "6.0.4"
    "@types/earcut" "^2.1.0"
    earcut "^2.2.2"
    eventemitter3 "^3.1.0"
    url "^0.11.0"

"@types/earcut@^2.1.0":
  version "2.1.1"
  resolved "https://registry.yarnpkg.com/@types/earcut/-/earcut-2.1.1.tgz#573a0af609f17005c751f6f4ffec49cfe358ea51"
  integrity sha512-w8oigUCDjElRHRRrMvn/spybSMyX8MTkKA5Dv+tS1IE/TgmNZPqUYtvYBXGY8cieSE66gm+szeK+bnbxC2xHTQ==

earcut@^2.2.2:
  version "2.2.2"
  resolved "https://registry.yarnpkg.com/earcut/-/earcut-2.2.2.tgz#41b0bc35f63e0fe80da7cddff28511e7e2e80d11"
  integrity sha512-eZoZPPJcUHnfRZ0PjLvx2qBordSiO8ofC3vt+qACLM95u+4DovnbYNpQtJh0DNsWj8RnxrQytD4WA8gj5cRIaQ==

eventemitter3@^3.1.0:
  version "3.1.2"
  resolved "https://registry.yarnpkg.com/eventemitter3/-/eventemitter3-3.1.2.tgz#2d3d48f9c346698fce83a85d7d664e98535df6e7"
  integrity sha512-tvtQIeLVHjDkJYnzf2dgVMxfuSGJeM/7UCG17TT4EumTfNtF+0nebF/4zWOIkCreAbtNqhGEboB6BWrwqNaw4Q==

ismobilejs@^1.1.0:
  version "1.1.1"
  resolved "https://registry.yarnpkg.com/ismobilejs/-/ismobilejs-1.1.1.tgz#c56ca0ae8e52b24ca0f22ba5ef3215a2ddbbaa0e"
  integrity sha512-VaFW53yt8QO61k2WJui0dHf4SlL8lxBofUuUmwBo0ljPk0Drz2TiuDW4jo3wDcv41qy/SxrJ+VAzJ/qYqsmzRw==

mini-signals@^1.2.0:
  version "1.2.0"
  resolved "https://registry.yarnpkg.com/mini-signals/-/mini-signals-1.2.0.tgz#45b08013c5fae51a24aa1a935cd317c9ed721d74"
  integrity sha1-RbCAE8X65RokqhqTXNMXye1yHXQ=

object-assign@^4.1.1:
  version "4.1.1"
  resolved "https://registry.yarnpkg.com/object-assign/-/object-assign-4.1.1.tgz#2109adc7965887cfc05cbbd442cac8bfbb360863"
  integrity sha1-IQmtx5ZYh8/AXLvUQsrIv7s2CGM=

parse-uri@^1.0.0:
  version "1.0.3"
  resolved "https://registry.yarnpkg.com/parse-uri/-/parse-uri-1.0.3.tgz#f3c24a74907a4e357c1741e96ca9faadecfd6db5"
  integrity sha512-upMnGxNcm+45So85HoguwZTVZI9u11i36DdxJfGF2HYWS2eh3TIx7+/tTi7qrEq15qzGkVhsKjesau+kCk48pA==

penner@^0.1.3:
  version "0.1.3"
  resolved "https://registry.yarnpkg.com/penner/-/penner-0.1.3.tgz#0b8b482d4e9b39af2f3d7c37592229b8acc29705"
  integrity sha1-C4tILU6bOa8vPXw3WSIpuKzClwU=

pixi-filters@^4.1.3:
  version "4.1.3"
  resolved "https://registry.yarnpkg.com/pixi-filters/-/pixi-filters-4.1.3.tgz#0e89529ea44162fdebd25b559881ba08e06a944b"
  integrity sha512-bnRuGaVmarThUPFVFn70EXoVe5McQffgmb556PB/jsJ0waTpEqv22Ua6REUxai1SMseqlz+BqbSuL5jhub/jHA==
  dependencies:
    "@pixi/filter-adjustment" "4.1.3"
    "@pixi/filter-advanced-bloom" "4.1.3"
    "@pixi/filter-ascii" "4.1.3"
    "@pixi/filter-bevel" "4.1.3"
    "@pixi/filter-bloom" "4.1.3"
    "@pixi/filter-bulge-pinch" "4.1.3"
    "@pixi/filter-color-map" "4.1.3"
    "@pixi/filter-color-overlay" "4.1.3"
    "@pixi/filter-color-replace" "4.1.3"
    "@pixi/filter-convolution" "4.1.3"
    "@pixi/filter-cross-hatch" "4.1.3"
    "@pixi/filter-crt" "4.1.3"
    "@pixi/filter-dot" "4.1.3"
    "@pixi/filter-drop-shadow" "4.1.3"
    "@pixi/filter-emboss" "4.1.3"
    "@pixi/filter-glitch" "4.1.3"
    "@pixi/filter-glow" "4.1.3"
    "@pixi/filter-godray" "4.1.3"
    "@pixi/filter-kawase-blur" "4.1.3"
    "@pixi/filter-motion-blur" "4.1.3"
    "@pixi/filter-multi-color-replace" "4.1.3"
    "@pixi/filter-old-film" "4.1.3"
    "@pixi/filter-outline" "4.1.3"
    "@pixi/filter-pixelate" "4.1.3"
    "@pixi/filter-radial-blur" "4.1.3"
    "@pixi/filter-reflection" "4.1.3"
    "@pixi/filter-rgb-split" "4.1.3"
    "@pixi/filter-shockwave" "4.1.3"
    "@pixi/filter-simple-lightmap" "4.1.3"
    "@pixi/filter-tilt-shift" "4.1.3"
    "@pixi/filter-twist" "4.1.3"
    "@pixi/filter-zoom-blur" "4.1.3"

pixi-scrollbox@^2.3.1:
  version "2.3.1"
  resolved "https://registry.yarnpkg.com/pixi-scrollbox/-/pixi-scrollbox-2.3.1.tgz#b554e5f7cca7e8f4795c17312714bbb1371fffcb"
  integrity sha512-xBkOb3LZOFosQ6+k2TxEXKOzI7K1RmjSJXfKVqaErQOnk/e2e0kwCs9rXus/XfrPg1loDtf0c8r0vSbQb6yCiw==
  dependencies:
    penner "^0.1.3"

pixi-viewport@^4.31.0:
  version "4.31.0"
  resolved "https://registry.yarnpkg.com/pixi-viewport/-/pixi-viewport-4.31.0.tgz#eb090e790fcdd51992b794d80eca21820ce95249"
  integrity sha512-VnI080My0dBN5b+JQEOdhSEr3zX4jD0CchMxhBfpj2BQoPIUppxTsi/R/kEdQ5ZnjGCn76/k0Q0xeW3WbEKb7g==
  dependencies:
    penner "^0.1.3"

pixi.js@^6.0.4:
  version "6.0.4"
  resolved "https://registry.yarnpkg.com/pixi.js/-/pixi.js-6.0.4.tgz#86a44cdedd9150e59660781e440cb6f5dfdfb574"
  integrity sha512-zAlwr5x9xytaflmZiZWl/ZhlSf+lZzeJG+Hexa7Buf7cvEhHPfSITy4NNk0+qnMXKooQidikBmypShDsj2jAdg==
  dependencies:
    "@pixi/accessibility" "6.0.4"
    "@pixi/app" "6.0.4"
    "@pixi/compressed-textures" "6.0.4"
    "@pixi/constants" "6.0.4"
    "@pixi/core" "6.0.4"
    "@pixi/display" "6.0.4"
    "@pixi/extract" "6.0.4"
    "@pixi/filter-alpha" "6.0.4"
    "@pixi/filter-blur" "6.0.4"
    "@pixi/filter-color-matrix" "6.0.4"
    "@pixi/filter-displacement" "6.0.4"
    "@pixi/filter-fxaa" "6.0.4"
    "@pixi/filter-noise" "6.0.4"
    "@pixi/graphics" "6.0.4"
    "@pixi/interaction" "6.0.4"
    "@pixi/loaders" "6.0.4"
    "@pixi/math" "6.0.4"
    "@pixi/mesh" "6.0.4"
    "@pixi/mesh-extras" "6.0.4"
    "@pixi/mixin-cache-as-bitmap" "6.0.4"
    "@pixi/mixin-get-child-by-name" "6.0.4"
    "@pixi/mixin-get-global-position" "6.0.4"
    "@pixi/particles" "6.0.4"
    "@pixi/polyfill" "6.0.4"
    "@pixi/prepare" "6.0.4"
    "@pixi/runner" "6.0.4"
    "@pixi/settings" "6.0.4"
    "@pixi/sprite" "6.0.4"
    "@pixi/sprite-animated" "6.0.4"
    "@pixi/sprite-tiling" "6.0.4"
    "@pixi/spritesheet" "6.0.4"
    "@pixi/text" "6.0.4"
    "@pixi/text-bitmap" "6.0.4"
    "@pixi/ticker" "6.0.4"
    "@pixi/utils" "6.0.4"

pixi@^0.3.1:
  version "0.3.1"
  resolved "https://registry.yarnpkg.com/pixi/-/pixi-0.3.1.tgz#858cd6164a32a1e4b41192cdf5c6d98209300ba8"
  integrity sha1-hYzWFkoyoeS0EZLN9cbZggkwC6g=

promise-polyfill@^8.2.0:
  version "8.2.0"
  resolved "https://registry.yarnpkg.com/promise-polyfill/-/promise-polyfill-8.2.0.tgz#367394726da7561457aba2133c9ceefbd6267da0"
  integrity sha512-k/TC0mIcPVF6yHhUvwAp7cvL6I2fFV7TzF1DuGPI8mBh4QQazf36xCKEHKTZKRysEoTQoQdKyP25J8MPJp7j5g==

punycode@1.3.2:
  version "1.3.2"
  resolved "https://registry.yarnpkg.com/punycode/-/punycode-1.3.2.tgz#9653a036fb7c1ee42342f2325cceefea3926c48d"
  integrity sha1-llOgNvt8HuQjQvIyXM7v6jkmxI0=

querystring@0.2.0:
  version "0.2.0"
  resolved "https://registry.yarnpkg.com/querystring/-/querystring-0.2.0.tgz#b209849203bb25df820da756e747005878521620"
  integrity sha1-sgmEkgO7Jd+CDadW50cAWHhSFiA=

resource-loader@^3.0.1:
  version "3.0.1"
  resolved "https://registry.yarnpkg.com/resource-loader/-/resource-loader-3.0.1.tgz#33355bb5421e2994f59454bbc7f6dbff8df06d47"
  integrity sha512-fBuCRbEHdLCI1eglzQhUv9Rrdcmqkydr1r6uHE2cYHvRBrcLXeSmbE/qI/urFt8rPr/IGxir3BUwM5kUK8XoyA==
  dependencies:
    mini-signals "^1.2.0"
    parse-uri "^1.0.0"

url@^0.11.0:
  version "0.11.0"
  resolved "https://registry.yarnpkg.com/url/-/url-0.11.0.tgz#3838e97cfc60521eb73c525a8e55bfdd9e2e28f1"
  integrity sha1-ODjpfPxgUh63PFJajlW/3Z4uKPE=
  dependencies:
    punycode "1.3.2"
    querystring "0.2.0"
