# THIS IS AN AUTOGENERATED FILE. DO NOT EDIT THIS FILE DIRECTLY.
# yarn lockfile v1


"@pixi/accessibility@6.1.2":
  version "6.1.2"
  resolved "https://registry.yarnpkg.com/@pixi/accessibility/-/accessibility-6.1.2.tgz#c6845bcfc3ce274bc2ae04bd2ecd02cfa54954fd"
  integrity sha512-riXpC4PBJYaAG5aWUZ3ud+zhF2ulqnNGCMvlcf/RfuNHlI0jd3SQ0/sxI9OwT0usnxjUDd8beDk8txJGmrX8Fw==

"@pixi/app@6.1.2":
  version "6.1.2"
  resolved "https://registry.yarnpkg.com/@pixi/app/-/app-6.1.2.tgz#00fd5720f918e48d2cce9ea690ebeed146204497"
  integrity sha512-fv8kyFw2w8kX9UZNetlNAerM7Uszr2BSXKIMqB8lITpeE7XlnNpDussdF9z87fBjSYgMD3bdWSkhdj54QY6n9A==

"@pixi/compressed-textures@6.1.2":
  version "6.1.2"
  resolved "https://registry.yarnpkg.com/@pixi/compressed-textures/-/compressed-textures-6.1.2.tgz#efc2de485cc495f22fd97b9b5963de298aa4cb8f"
  integrity sha512-BcOaXKS4+6fTOnORt6o2uKUJGpwTIDhIzF+t0ekd9UGhfLykFHIALdgCYPU1e4GvtWWDfaYYhIwWWa8sX+FWTQ==

"@pixi/constants@6.1.2":
  version "6.1.2"
  resolved "https://registry.yarnpkg.com/@pixi/constants/-/constants-6.1.2.tgz#efc12bfcb75aec18c4920d2c0b2fa513d34cc777"
  integrity sha512-rPHWzGDI/PKD0/p8mrsoednpDhbvfidcen2Vozz7KNO5SS/ljqyiZLEbHwYK/xhc2Z7QvXVuDuPaWl9FBCRiQg==

"@pixi/core@6.1.2":
  version "6.1.2"
  resolved "https://registry.yarnpkg.com/@pixi/core/-/core-6.1.2.tgz#81b151654f5c072feb59052325edaab39329ab96"
  integrity sha512-S+f0qmVkrePor2XKA6A70Axo8ui+HiZgkl1J7AWVtl6MI49+3tXra9Ww3xmp/6jEdIUQyyN5sC8cg8dF/lgmBw==

"@pixi/display@6.1.2":
  version "6.1.2"
  resolved "https://registry.yarnpkg.com/@pixi/display/-/display-6.1.2.tgz#4fc7d407723d3c496f069e3f5de7de83ca712cfe"
  integrity sha512-JbX9GF6kOg8n8mcOFvcVZBpDRZtB/u7I+L0taOMHHtQ16bdBQ9+CxYgvOi9FLyWQNKl4utnnviQx4t8Km01POQ==

"@pixi/extract@6.1.2":
  version "6.1.2"
  resolved "https://registry.yarnpkg.com/@pixi/extract/-/extract-6.1.2.tgz#bd625bb09f95dc536cdaa5abec238934d9cf9c7a"
  integrity sha512-1vnAOJEaaRsTWyRa4OCodVubvZ0Ib3LVkg5MFU+bDsgnczwUiZEOvtaQKOAiO1F9rEdNdvuo/TQyWlJAuHB73Q==

"@pixi/filter-adjustment@4.1.3":
  version "4.1.3"
  resolved "https://registry.yarnpkg.com/@pixi/filter-adjustment/-/filter-adjustment-4.1.3.tgz#61e34b4dd9766ccf40463f0538201bf68f78df66"
  integrity sha512-W+NhPiZRYKoRToa5+tkU95eOw8gnS5dfIp3ZP+pLv2mdER9RI+4xHxp1uLHMqUYZViTaMdZIIoVOuCgHFPYCbQ==

"@pixi/filter-advanced-bloom@4.1.3":
  version "4.1.3"
  resolved "https://registry.yarnpkg.com/@pixi/filter-advanced-bloom/-/filter-advanced-bloom-4.1.3.tgz#32377501631d7199714ebb9638a22c95960f1c79"
  integrity sha512-q90BeF8EhFwpuc9E617cCmtWTZjE3Yj99k1kHTkS5cZ2aJkQnV+psYW8gRxJ4tHZ/PLi96uhk6TocSccVj/vmg==
  dependencies:
    "@pixi/filter-kawase-blur" "4.1.3"

"@pixi/filter-alpha@6.1.2":
  version "6.1.2"
  resolved "https://registry.yarnpkg.com/@pixi/filter-alpha/-/filter-alpha-6.1.2.tgz#4f57bb9a536f3be167211a61941353bfcaaa0cb7"
  integrity sha512-8qvW6FrJ8liyswfQJrFKRo679j1vhszxsa/A0unXJYGkD8fRlnoywr2gci+yEb/AyEiuwJF59v2YtWjFjkJ2fA==

"@pixi/filter-ascii@4.1.3":
  version "4.1.3"
  resolved "https://registry.yarnpkg.com/@pixi/filter-ascii/-/filter-ascii-4.1.3.tgz#7fb749b67e5f9457d1d1b9a7136e026c3d6bf683"
  integrity sha512-NeOTUkqS8hfHXsRlVhaluuO2BZFVRXzBClWubcLae4s8Mw9eddl8jXU0BeAHQ4ZE6ZRXswTkc4c1x6aPOvZMlw==

"@pixi/filter-bevel@4.1.3":
  version "4.1.3"
  resolved "https://registry.yarnpkg.com/@pixi/filter-bevel/-/filter-bevel-4.1.3.tgz#626465591acb99697eefc80ff178a7d759eca6e9"
  integrity sha512-Wagrk0AFFgzSTUtvIShzTwIOE3ZxBD9pMUDZMsNE7gExxuusLUc7j6agTZVR/48c/9S5Anq7anrqLbI1iA1xNQ==

"@pixi/filter-bloom@4.1.3":
  version "4.1.3"
  resolved "https://registry.yarnpkg.com/@pixi/filter-bloom/-/filter-bloom-4.1.3.tgz#26ca0057e9ee0a57638740ec59b28e8eeed69953"
  integrity sha512-FHrFLxH3csWopZdWbrA/NgI1p8U9OD1Ji8wbfAOwJljn8z27vzBKJL9i1Mo5VLbuXSmqh0B61G0Y+WOUkRGpNA==

"@pixi/filter-blur@6.1.2":
  version "6.1.2"
  resolved "https://registry.yarnpkg.com/@pixi/filter-blur/-/filter-blur-6.1.2.tgz#8962fb48596ebab54bc3a7c1179ad7b256581e4c"
  integrity sha512-4uJUVtuiuQbPBqXwUS7aUoe8SAnjcmAwKR+KClgn/4XvwIXaULvQcmSUTyrROmWeNTGm6LgVcX4pbb8aO5lWLg==

"@pixi/filter-bulge-pinch@4.1.3":
  version "4.1.3"
  resolved "https://registry.yarnpkg.com/@pixi/filter-bulge-pinch/-/filter-bulge-pinch-4.1.3.tgz#5a667ee0cf99d76fce3200b06e496d8d1db769ce"
  integrity sha512-ScSC1d8sQHB+Xh7GPIIUUoxHpx6akvrF/aTXUtRFZa1OER0cQdVAEzfuH3Mk5CGwnnl64s2esWg6hiNhkaPbgQ==

"@pixi/filter-color-map@4.1.3":
  version "4.1.3"
  resolved "https://registry.yarnpkg.com/@pixi/filter-color-map/-/filter-color-map-4.1.3.tgz#7aa27a5335af1d2e5165f7e29b2eb6cdf77b6963"
  integrity sha512-yg9RylNo+oUnlxc/5i7jtgklh28SnePmYLm4eAQbR3DWFRFawj3JEZKLaoDGXsuYjvFIAgoY6ChTG/Hb2sK/UQ==

"@pixi/filter-color-matrix@6.1.2":
  version "6.1.2"
  resolved "https://registry.yarnpkg.com/@pixi/filter-color-matrix/-/filter-color-matrix-6.1.2.tgz#fa0685536524b2da437aa65abca1eaa5ef20ff5d"
  integrity sha512-xHd0OFdJr2nuqUKSjpf9W2OQwrfmQ7v00eiqeBA9azFmMJ4XmsRmAaej+mgBM2L9j4gZmbGE/5h5ZA80NCAHfg==

"@pixi/filter-color-overlay@4.1.3":
  version "4.1.3"
  resolved "https://registry.yarnpkg.com/@pixi/filter-color-overlay/-/filter-color-overlay-4.1.3.tgz#8a18b18228bf3eef0565cf15a949e9844f6337d6"
  integrity sha512-/wCKbDedfwsiqEPNEIoocdLBS2K1TjHB5ReMmKmBGPjTj6mO4eETG6juDNTj/VyIBfIv+KxUmsHLsAdGQJtS1w==

"@pixi/filter-color-replace@4.1.3":
  version "4.1.3"
  resolved "https://registry.yarnpkg.com/@pixi/filter-color-replace/-/filter-color-replace-4.1.3.tgz#907783d56e48f8cb0db6901f5c5d7303afb5472e"
  integrity sha512-Q0J9RKSMBh1XJAFauVgM8WITDp3ejFuUJbnyiUi4wIz9jWEYA9MvcAV9Y04LD4u4k0mKou3UX0rBhJeOIx4HEA==

"@pixi/filter-convolution@4.1.3":
  version "4.1.3"
  resolved "https://registry.yarnpkg.com/@pixi/filter-convolution/-/filter-convolution-4.1.3.tgz#b03d165b4b57208d3bd10c7e4bf99c7e521ac964"
  integrity sha512-d4Y89S9/Y72KPZYS3n84jgwzExkoDK2W99qmyH8VjDIz0Nj14RTLXz1NHwTQC7nl1inFYQWLfudmRX8QmrC4ww==

"@pixi/filter-cross-hatch@4.1.3":
  version "4.1.3"
  resolved "https://registry.yarnpkg.com/@pixi/filter-cross-hatch/-/filter-cross-hatch-4.1.3.tgz#d5eb38d7e9f4c532755fe82c2de343275bf86f4b"
  integrity sha512-tnRwOR0POApJMTP3dggj9UQszikIZOU8Z9jjzB4pyKHSCNGFuALkN2CkjMyOojA0Cxtia0HbmU5v+CzSahOwVQ==

"@pixi/filter-crt@4.1.3":
  version "4.1.3"
  resolved "https://registry.yarnpkg.com/@pixi/filter-crt/-/filter-crt-4.1.3.tgz#17cf7ed4c89be8de7c3486e6aa3c219713b3066d"
  integrity sha512-LQPbMj9pQgJnfjwHUQOprn1Yt+m0gMg4R+1a2qpW/8DvEw/jx5byO4t+hIXrhauiOhS1JzHXg2bWaVzkjLLzGw==

"@pixi/filter-displacement@6.1.2":
  version "6.1.2"
  resolved "https://registry.yarnpkg.com/@pixi/filter-displacement/-/filter-displacement-6.1.2.tgz#549dfaede27e15674a12533ef12fef9292f5c93a"
  integrity sha512-LOQJUfsIcgGkURT7/cqdb9sDjhGO9eQXPb8YHeMyBgKouby0On9REFbueE0cwfuY/MGcfru55JH8okcG7YXj2w==

"@pixi/filter-dot@4.1.3":
  version "4.1.3"
  resolved "https://registry.yarnpkg.com/@pixi/filter-dot/-/filter-dot-4.1.3.tgz#c92b5cacb9694de9e30d14df615bc7eae4e369f3"
  integrity sha512-BPp6OvXgF7mFXAy85hg7IcvXp41H7V0ninQp2WSt/DKAuZw8xG7yZv7yzf2GK+By469dfm5hmegNATqndo4hBw==

"@pixi/filter-drop-shadow@4.1.3":
  version "4.1.3"
  resolved "https://registry.yarnpkg.com/@pixi/filter-drop-shadow/-/filter-drop-shadow-4.1.3.tgz#31f9f6815c4c7f58a308f617e75fff0b71299bac"
  integrity sha512-H6oGNmfg6fT/6yOgg8qe8LhAviqPquJmyQ9GIEItaY27rQ3virgIRjNzptlTXbH+mCHrRl5VNA9+4pLJbUMsuA==
  dependencies:
    "@pixi/filter-kawase-blur" "4.1.3"

"@pixi/filter-emboss@4.1.3":
  version "4.1.3"
  resolved "https://registry.yarnpkg.com/@pixi/filter-emboss/-/filter-emboss-4.1.3.tgz#6c7b58498d50257772ac207f4a56f4475c03809f"
  integrity sha512-MUcjcJZv7qVrkEwpO/xsxai3gutMoCYLIHZyz0XM0LHHa5i0SjWSbck9lRpCRlWrKMIoQP1f7aQEMcnnumvg/Q==

"@pixi/filter-fxaa@6.1.2":
  version "6.1.2"
  resolved "https://registry.yarnpkg.com/@pixi/filter-fxaa/-/filter-fxaa-6.1.2.tgz#ec077b632967bbc00ee1dc481eeba6640b55294b"
  integrity sha512-Gx2i8DCSKXhnUz0/rFsTmSaGVXl+kyZnD7/e1WojZD4M/2DPzQXqfbmi2OxsR1dyFBH6utNjmYP8xIvQ4JmSMw==

"@pixi/filter-glitch@4.1.3":
  version "4.1.3"
  resolved "https://registry.yarnpkg.com/@pixi/filter-glitch/-/filter-glitch-4.1.3.tgz#efb370f174d2fb839e5e3e86357432604773f238"
  integrity sha512-lPxpQOE5EY/06lTdy1xAGvLcjK07zB41NuendVXXOzvezvecI+CwqRAG8LKF1s+o0Cwf/p6XHV3WOvC+tM1CSw==

"@pixi/filter-glow@4.1.3":
  version "4.1.3"
  resolved "https://registry.yarnpkg.com/@pixi/filter-glow/-/filter-glow-4.1.3.tgz#bae99517dcc99b7d754783da10a67993a0954efc"
  integrity sha512-vf89rjY2a/GPfdTV9r06TGkVrcexiCXgUOxfMVpYGQnjd4i74q7D8nMXgmij+0VN5ee78/rb29fGzQmHW5Lsdg==

"@pixi/filter-godray@4.1.3":
  version "4.1.3"
  resolved "https://registry.yarnpkg.com/@pixi/filter-godray/-/filter-godray-4.1.3.tgz#f1d828c701075981f4d973738ccf429d3d13831c"
  integrity sha512-EeGW4lL85TJjn1elpE5YtuM3BNoLT7BFiT3PFEvl6rCNwTz6ZN0c/nWD4MkzhcO/yYOrFrMlDwTT994YOBm09A==

"@pixi/filter-kawase-blur@4.1.3":
  version "4.1.3"
  resolved "https://registry.yarnpkg.com/@pixi/filter-kawase-blur/-/filter-kawase-blur-4.1.3.tgz#4d2bf0cbcc3250f06f25dc8e3579255a6fc1b4fa"
  integrity sha512-T5nypyWjEwjLIqR9MrOYXduxuMaXr8zRBvwSDeSmhZpp4oPDE+ChxiIWKoruZ8pTDDqdIhHJ5ZeXMTFEOlOlgA==

"@pixi/filter-motion-blur@4.1.3":
  version "4.1.3"
  resolved "https://registry.yarnpkg.com/@pixi/filter-motion-blur/-/filter-motion-blur-4.1.3.tgz#44e77972d83a2a12723764043d21a30ca80e1903"
  integrity sha512-x4Mwa9SxfZkHC3wX1JmprVhpJp501+UVba3phZFPaBySGrxbXZekTf27VM7wbLvBQvsnDQQWr3gSe0J42sjtig==

"@pixi/filter-multi-color-replace@4.1.3":
  version "4.1.3"
  resolved "https://registry.yarnpkg.com/@pixi/filter-multi-color-replace/-/filter-multi-color-replace-4.1.3.tgz#369badda0c2ca9eff1a1e2db548f877fcfe1a63a"
  integrity sha512-NYJghGEBDDRySLypF+KPuY8SaPK5p0Yu1GE+HrhvSh/jBGHYyU8SZJuRUXIRkfcbnLnqMRPOXMrqXsjZncDlsw==

"@pixi/filter-noise@6.1.2":
  version "6.1.2"
  resolved "https://registry.yarnpkg.com/@pixi/filter-noise/-/filter-noise-6.1.2.tgz#fc4a409ffd153929540767c4676c169f07d7f7b7"
  integrity sha512-sPYw3fuxycnVa12C66RhJGeK32XXfX7ANvH5ZRf6i3NwsnmlEZfid8zrujt23xdY0UNqHxwYyg2RrQS9mLDanw==

"@pixi/filter-old-film@4.1.3":
  version "4.1.3"
  resolved "https://registry.yarnpkg.com/@pixi/filter-old-film/-/filter-old-film-4.1.3.tgz#989d5728faf85fc8f7942924caf1b28cc0cee71b"
  integrity sha512-2pACBVgKVtU8vDM2OVu9BmdAlYxfBUJljQbvW3JyR4NCn/bkv2hv8ObJxfESpya48B9i336V5gmXmaIv2rp0ZA==

"@pixi/filter-outline@4.1.3":
  version "4.1.3"
  resolved "https://registry.yarnpkg.com/@pixi/filter-outline/-/filter-outline-4.1.3.tgz#fce744a3d1ca86fa8d6a1cb4ec0a44ae5b43d237"
  integrity sha512-GduzlDySHsq2omPR0CRvWlzsnXqKX+uZt0T/Aetk+FOK36j19oxTQqR1l776ruOjftgfvbnCpN+o6NyuvBKf5g==

"@pixi/filter-pixelate@4.1.3":
  version "4.1.3"
  resolved "https://registry.yarnpkg.com/@pixi/filter-pixelate/-/filter-pixelate-4.1.3.tgz#8200ccf4e47803a5b2f86ab3a755d438769b0e37"
  integrity sha512-1YEc46GO08C2nc54P/9yxWH7TaVTNoJe+EEvuXKiSITVadr4fEizkm607m+VAt6Ngv6bYpCAxO36HoRTFf3mAw==

"@pixi/filter-radial-blur@4.1.3":
  version "4.1.3"
  resolved "https://registry.yarnpkg.com/@pixi/filter-radial-blur/-/filter-radial-blur-4.1.3.tgz#66b184ad9c0606b190b850da0c0ff8c9e6cca030"
  integrity sha512-VGy2372pgP1Wh182gx6b41+UcH/21QdLPD4fKCQkHxQUlFgsLNoEmtDpcghxe8uBjdZxAzbaGaZONsR+Q1ueOQ==

"@pixi/filter-reflection@4.1.3":
  version "4.1.3"
  resolved "https://registry.yarnpkg.com/@pixi/filter-reflection/-/filter-reflection-4.1.3.tgz#03ae8500ba6c40178015877b318e89b55e8b8ab5"
  integrity sha512-3C1i/9fzKplaACmjEs5bqSqCs3MwVq0yGGZFQb2kcEH9gYI2NZv3Rxu6xyzDq5cd8ZS59Cw1qLAJIlgEEBgDMQ==

"@pixi/filter-rgb-split@4.1.3":
  version "4.1.3"
  resolved "https://registry.yarnpkg.com/@pixi/filter-rgb-split/-/filter-rgb-split-4.1.3.tgz#dfe68d36cf344b2644ceee9fd50f1bd970639b12"
  integrity sha512-oPbDz5PlpDqJh8+Z87k9l3mZQCcyZTU1/45hd5Y9H+CoTWsBGcRE7jJFUVW4TjDPlTjVCkBXkOgbz1fVzPPhFg==

"@pixi/filter-shockwave@4.1.3":
  version "4.1.3"
  resolved "https://registry.yarnpkg.com/@pixi/filter-shockwave/-/filter-shockwave-4.1.3.tgz#6d23a629ec2338676a3823eebb426ba7285e0a5e"
  integrity sha512-A64f8DxUgqu/Uph8dpEw74xoVt9yaBE3lh6GcmLUMaaLicIvFvMSLyOpGI0CbBvYMPZDyWcnki7FtWH6gTBxcA==

"@pixi/filter-simple-lightmap@4.1.3":
  version "4.1.3"
  resolved "https://registry.yarnpkg.com/@pixi/filter-simple-lightmap/-/filter-simple-lightmap-4.1.3.tgz#f563abc9a8f3804986acf2caef577f087963af20"
  integrity sha512-8+zJMU5OHA3NzTiuW8UB80TclDp2N5TxMe56oEB6AzzPecZ7dp7qg0hshVINity97fhb0QEkGAlFtk33MPoo9A==

"@pixi/filter-tilt-shift@4.1.3":
  version "4.1.3"
  resolved "https://registry.yarnpkg.com/@pixi/filter-tilt-shift/-/filter-tilt-shift-4.1.3.tgz#e0523adbcadfd1eaba2c270f19162248d3e88a78"
  integrity sha512-MVRVpFZzN5CSAdI40kUWoZiDID99ZSwSON14l1dZU6zCORaMky5yJEmvkxNWFxFJlolagwzu2Hz4vQHq6Gql7g==

"@pixi/filter-twist@4.1.3":
  version "4.1.3"
  resolved "https://registry.yarnpkg.com/@pixi/filter-twist/-/filter-twist-4.1.3.tgz#3eb83ae0694007b96e643621685b720abd0a5ef5"
  integrity sha512-Mp4b7ybr5m8VjCebva6o1ef88QvbK0VZtXbgxoi2sWo3l9zvQoKwrNsDny3eLNMba3ha1eOmCd/WcB+KwZYnzw==

"@pixi/filter-zoom-blur@4.1.3":
  version "4.1.3"
  resolved "https://registry.yarnpkg.com/@pixi/filter-zoom-blur/-/filter-zoom-blur-4.1.3.tgz#a65a548d208584c332acad7c8dedefbe856f9522"
  integrity sha512-fXdexlzfmZxLAcCq86fOUyPI+Fb7nwyn2FzBYVQ1GALAASEBEzCVJup4gYpZkMUn1c3sjrSAkE33EVf9cuis6A==

"@pixi/graphics@6.1.2":
  version "6.1.2"
  resolved "https://registry.yarnpkg.com/@pixi/graphics/-/graphics-6.1.2.tgz#f065b5fe06ae6bd8db036630f607c9f9422254a8"
  integrity sha512-aNQ9242RV3Lg4hLmU4rN9jGKhE84vjkxEWswpyqChDqh5vOeahSjZo4DR+qIsEUwEo/OgRY1kvpWY4+2xzMSjg==

"@pixi/interaction@6.1.2":
  version "6.1.2"
  resolved "https://registry.yarnpkg.com/@pixi/interaction/-/interaction-6.1.2.tgz#5c560b61dcb683f169386d58ec8267607a42baad"
  integrity sha512-0Hw6ZTXW8jgwq1Ek4wu+JqbSpIeOGvUR9mYuh8Ucrsi089Zavv/sOtAVVO8Zq1psFUjsU+BXSuOZmgOi2xwHFQ==

"@pixi/loaders@6.1.2":
  version "6.1.2"
  resolved "https://registry.yarnpkg.com/@pixi/loaders/-/loaders-6.1.2.tgz#ac57deb487536f2b31a961a26b2e2d036f720c3b"
  integrity sha512-InzcLF6Xl9DAp8O2w93r+xEfL9tZYe+CMjVKxJCEebee8JliurRX5Tpq/POi1QwwApi5HaQdpbZ5akQGZGA/+Q==

"@pixi/math@6.1.2":
  version "6.1.2"
  resolved "https://registry.yarnpkg.com/@pixi/math/-/math-6.1.2.tgz#1049ff0f3bb8061b82c10041b26e03db25d7d4cc"
  integrity sha512-tARAZaR01bifqQFW5P714k+Kb8KntKoxVSxbxkY58RSibpoCBFZ8ZnrlT4HY3ovIx66KhH7JJeVhCsXG2d/ggg==

"@pixi/mesh-extras@6.1.2":
  version "6.1.2"
  resolved "https://registry.yarnpkg.com/@pixi/mesh-extras/-/mesh-extras-6.1.2.tgz#c3a88a3d9fd325d839aded1443cf3199254e4bd3"
  integrity sha512-MtOHfbfDJ0RyNq3S1frm/+erxCyrayZFOJA0bBIFvHW5WeolAcLo+pNGlmh/1qufDTnMK3UM16mOzAz9qNA7wA==

"@pixi/mesh@6.1.2":
  version "6.1.2"
  resolved "https://registry.yarnpkg.com/@pixi/mesh/-/mesh-6.1.2.tgz#61e24abda5706dfae417c4d0e3d8cdb16e8ca332"
  integrity sha512-3aEke7cXq+EIsuVW8G/Ro5GekbZRDFSSxOtbpzNoSjNdTgnKb3OcNaaygu8tK+ZN2uXxN2u91d6f0ki8Y6VnUA==

"@pixi/mixin-cache-as-bitmap@6.1.2":
  version "6.1.2"
  resolved "https://registry.yarnpkg.com/@pixi/mixin-cache-as-bitmap/-/mixin-cache-as-bitmap-6.1.2.tgz#591191a9b1a9880b5ae6888c8c41bb31f361e711"
  integrity sha512-8H5SZ6KTKI0WIYPNasjgGDanwUuIyyWtug/qK8j/LNuvVZmj9xfeQnih+Zi727SxKLrnD2mPWXWzSbDrp0MpnQ==

"@pixi/mixin-get-child-by-name@6.1.2":
  version "6.1.2"
  resolved "https://registry.yarnpkg.com/@pixi/mixin-get-child-by-name/-/mixin-get-child-by-name-6.1.2.tgz#f5d03c1a0361d259485b6964b3873b57141e3a43"
  integrity sha512-9WCGFWiY8fisUCir51Q3JKMSw16M5KSzDxAHVyNlinBv71ifH+AZgdzeogDbQf1ysP4BL2K956czPv19GbcANw==

"@pixi/mixin-get-global-position@6.1.2":
  version "6.1.2"
  resolved "https://registry.yarnpkg.com/@pixi/mixin-get-global-position/-/mixin-get-global-position-6.1.2.tgz#9c9affdc7589f48fb51d9045e3fc5c0584b99d95"
  integrity sha512-E7+yo2Cv+qrIXeH8x3tr98H4qEY3vn+IYTbJP0m7/hVA98qTOoP866MJUBNwgwtbRgNEQJwGuGs+m/yK2mcW7w==

"@pixi/particle-container@6.1.2":
  version "6.1.2"
  resolved "https://registry.yarnpkg.com/@pixi/particle-container/-/particle-container-6.1.2.tgz#92c8b1981ad6eae4ce5a8e6e6140c866624a2607"
  integrity sha512-2IvY0nkH8tc7dY6Gk/RyCaSWaPWNEEurPeEkDYhYUcL/ktlqD65PzHQVMZ20nhW5hnHx4bn2H4S1U/5ilvg8Tg==

"@pixi/polyfill@6.1.2":
  version "6.1.2"
  resolved "https://registry.yarnpkg.com/@pixi/polyfill/-/polyfill-6.1.2.tgz#a5f62a8a79b4e5368afc99dcff7ede1b338e152d"
  integrity sha512-sULLKpSNyax5sYkPMIm+e36zZC1+gfexn5DGrLswR+vHy1Eu8Ler/P0dak+nzKTqwL1hwkuVlCZms+esG9myNQ==
  dependencies:
    object-assign "^4.1.1"
    promise-polyfill "^8.2.0"

"@pixi/prepare@6.1.2":
  version "6.1.2"
  resolved "https://registry.yarnpkg.com/@pixi/prepare/-/prepare-6.1.2.tgz#c7e40a6043734011f26364a50846ef77a24434e1"
  integrity sha512-qHoS/knfchT7ZvpV1MwJQaS5zb8uvlO2paKRLN76aZR4dHKCpRzVWHJ+5EuSEacbbzX8ElBMTCI0iV1V7L1Jiw==

"@pixi/runner@6.1.2":
  version "6.1.2"
  resolved "https://registry.yarnpkg.com/@pixi/runner/-/runner-6.1.2.tgz#38e25a761ca9bab1d67e59449c7ae92656b1fa51"
  integrity sha512-OKFnW2qrjgUB/O7i15vvS3YRv49aV1Ny22uoYkWGJZ46y3wg6SWuMfHDOK2HIDMefToNRFhWCxcZJCqT5A7XmQ==

"@pixi/settings@6.1.2":
  version "6.1.2"
  resolved "https://registry.yarnpkg.com/@pixi/settings/-/settings-6.1.2.tgz#8c2086995616190c5b4e8902a7077b1d10d41931"
  integrity sha512-ZulDFSejh475/YOaTsYpOZNWKhfdN93FnojsaLYX4OXcuscF3Ncq4AE8wNwGFraMd0+ZZY9VXHdepU+rjIhF4g==
  dependencies:
    ismobilejs "^1.1.0"

"@pixi/sprite-animated@6.1.2":
  version "6.1.2"
  resolved "https://registry.yarnpkg.com/@pixi/sprite-animated/-/sprite-animated-6.1.2.tgz#4995eb61c440ffb07ac430c8a70282020b08e0df"
  integrity sha512-jriUtbIw1v0AB3sIObM1t7eAIPuB4gtokao6k09EURMepoCQJlYSKIq5FVlmLYU/zf1t7/f/dtpZ65UEKXDytw==

"@pixi/sprite-tiling@6.1.2":
  version "6.1.2"
  resolved "https://registry.yarnpkg.com/@pixi/sprite-tiling/-/sprite-tiling-6.1.2.tgz#730732fb3dd2cfd66c55b5c3e9ca9651b75d877d"
  integrity sha512-6tOlag2M+bn5aNPi/iyORY/IqB9Gfan5MnaG3HarfZdSlSwQH0yklDePBrG2DQ/X6Rmb94DJd0PxJdCujtFJTg==

"@pixi/sprite@6.1.2":
  version "6.1.2"
  resolved "https://registry.yarnpkg.com/@pixi/sprite/-/sprite-6.1.2.tgz#97ad5cd0821e1ee858d5cf2a23cde1a18a8646c3"
  integrity sha512-AzK2UW+VcZ+6sKW++9qokhSMFG35zSAOpRoWk5QgRhbVkdh2L0BB7nK5Z8PZgqmTGCzSq2NvVlzosryPWmLMNw==

"@pixi/spritesheet@6.1.2":
  version "6.1.2"
  resolved "https://registry.yarnpkg.com/@pixi/spritesheet/-/spritesheet-6.1.2.tgz#62ad46ab04cf8967410feb6f64652363e16f80ff"
  integrity sha512-PP+sChFaE8vK0PHwChKYeDuFSvYK+Eb6M+eX2pMt3MoXIurGvlrybexUTqTNubxQHWnoLqGIfqq1MWdjmGrs8A==

"@pixi/text-bitmap@6.1.2":
  version "6.1.2"
  resolved "https://registry.yarnpkg.com/@pixi/text-bitmap/-/text-bitmap-6.1.2.tgz#5053acde4b7a48acddc4d6a29ccbe783d80113e1"
  integrity sha512-QpvFC9izghqVo4zkj5mS6PmqKVtd8ArdapYxbxOVystE+gI8IKq7ZJgvvPuaj+9aqCUy20jiMPoLvfSyVGIhUg==

"@pixi/text@6.1.2":
  version "6.1.2"
  resolved "https://registry.yarnpkg.com/@pixi/text/-/text-6.1.2.tgz#b8ffd698dc012c284e552f7839c68d1166ba5826"
  integrity sha512-9JQ4hEanM946uMvjg4a7uIhnAoGYE6lyxwDUlHw4j/o+8jYN49STc64G+s9Rj7iRw76tudqM2ejphBE+rzC0XQ==

"@pixi/ticker@6.1.2":
  version "6.1.2"
  resolved "https://registry.yarnpkg.com/@pixi/ticker/-/ticker-6.1.2.tgz#c74b221111b09070244cbea35330aaf208f93f52"
  integrity sha512-E0S7wzcPPd+hOTghwZeozuXgMvKGa8Zg4+DhlkqBchHt2HDdDzxgy2ZbcyLczBBkuidEx+JRt+BUWBGv4hqZUA==

"@pixi/utils@6.1.2":
  version "6.1.2"
  resolved "https://registry.yarnpkg.com/@pixi/utils/-/utils-6.1.2.tgz#066b6ae03ed263f57891e8f8d63b1081c06dd9a1"
  integrity sha512-7lacouw8UPAQ0NbBbMEYOff/VRy0qVPV0VuAdKkmrlKu53n6NkocATnUGwdNOHmSNLMAgVu4e30ihwNORrRMAQ==
  dependencies:
    "@types/earcut" "^2.1.0"
    earcut "^2.2.2"
    eventemitter3 "^3.1.0"
    url "^0.11.0"

"@types/earcut@^2.1.0":
  version "2.1.1"
  resolved "https://registry.yarnpkg.com/@types/earcut/-/earcut-2.1.1.tgz#573a0af609f17005c751f6f4ffec49cfe358ea51"
  integrity sha512-w8oigUCDjElRHRRrMvn/spybSMyX8MTkKA5Dv+tS1IE/TgmNZPqUYtvYBXGY8cieSE66gm+szeK+bnbxC2xHTQ==

earcut@^2.2.2:
  version "2.2.2"
  resolved "https://registry.yarnpkg.com/earcut/-/earcut-2.2.2.tgz#41b0bc35f63e0fe80da7cddff28511e7e2e80d11"
  integrity sha512-eZoZPPJcUHnfRZ0PjLvx2qBordSiO8ofC3vt+qACLM95u+4DovnbYNpQtJh0DNsWj8RnxrQytD4WA8gj5cRIaQ==

eventemitter3@^3.1.0:
  version "3.1.2"
  resolved "https://registry.yarnpkg.com/eventemitter3/-/eventemitter3-3.1.2.tgz#2d3d48f9c346698fce83a85d7d664e98535df6e7"
  integrity sha512-tvtQIeLVHjDkJYnzf2dgVMxfuSGJeM/7UCG17TT4EumTfNtF+0nebF/4zWOIkCreAbtNqhGEboB6BWrwqNaw4Q==

ismobilejs@^1.1.0:
  version "1.1.1"
  resolved "https://registry.yarnpkg.com/ismobilejs/-/ismobilejs-1.1.1.tgz#c56ca0ae8e52b24ca0f22ba5ef3215a2ddbbaa0e"
  integrity sha512-VaFW53yt8QO61k2WJui0dHf4SlL8lxBofUuUmwBo0ljPk0Drz2TiuDW4jo3wDcv41qy/SxrJ+VAzJ/qYqsmzRw==

object-assign@^4.1.1:
  version "4.1.1"
  resolved "https://registry.yarnpkg.com/object-assign/-/object-assign-4.1.1.tgz#2109adc7965887cfc05cbbd442cac8bfbb360863"
  integrity sha1-IQmtx5ZYh8/AXLvUQsrIv7s2CGM=

penner@^0.1.3:
  version "0.1.3"
  resolved "https://registry.yarnpkg.com/penner/-/penner-0.1.3.tgz#0b8b482d4e9b39af2f3d7c37592229b8acc29705"
  integrity sha1-C4tILU6bOa8vPXw3WSIpuKzClwU=

pixi-filters@^4.1.3:
  version "4.1.3"
  resolved "https://registry.yarnpkg.com/pixi-filters/-/pixi-filters-4.1.3.tgz#0e89529ea44162fdebd25b559881ba08e06a944b"
  integrity sha512-bnRuGaVmarThUPFVFn70EXoVe5McQffgmb556PB/jsJ0waTpEqv22Ua6REUxai1SMseqlz+BqbSuL5jhub/jHA==
  dependencies:
    "@pixi/filter-adjustment" "4.1.3"
    "@pixi/filter-advanced-bloom" "4.1.3"
    "@pixi/filter-ascii" "4.1.3"
    "@pixi/filter-bevel" "4.1.3"
    "@pixi/filter-bloom" "4.1.3"
    "@pixi/filter-bulge-pinch" "4.1.3"
    "@pixi/filter-color-map" "4.1.3"
    "@pixi/filter-color-overlay" "4.1.3"
    "@pixi/filter-color-replace" "4.1.3"
    "@pixi/filter-convolution" "4.1.3"
    "@pixi/filter-cross-hatch" "4.1.3"
    "@pixi/filter-crt" "4.1.3"
    "@pixi/filter-dot" "4.1.3"
    "@pixi/filter-drop-shadow" "4.1.3"
    "@pixi/filter-emboss" "4.1.3"
    "@pixi/filter-glitch" "4.1.3"
    "@pixi/filter-glow" "4.1.3"
    "@pixi/filter-godray" "4.1.3"
    "@pixi/filter-kawase-blur" "4.1.3"
    "@pixi/filter-motion-blur" "4.1.3"
    "@pixi/filter-multi-color-replace" "4.1.3"
    "@pixi/filter-old-film" "4.1.3"
    "@pixi/filter-outline" "4.1.3"
    "@pixi/filter-pixelate" "4.1.3"
    "@pixi/filter-radial-blur" "4.1.3"
    "@pixi/filter-reflection" "4.1.3"
    "@pixi/filter-rgb-split" "4.1.3"
    "@pixi/filter-shockwave" "4.1.3"
    "@pixi/filter-simple-lightmap" "4.1.3"
    "@pixi/filter-tilt-shift" "4.1.3"
    "@pixi/filter-twist" "4.1.3"
    "@pixi/filter-zoom-blur" "4.1.3"

pixi-scrollbox@^2.3.1:
  version "2.3.1"
  resolved "https://registry.yarnpkg.com/pixi-scrollbox/-/pixi-scrollbox-2.3.1.tgz#b554e5f7cca7e8f4795c17312714bbb1371fffcb"
  integrity sha512-xBkOb3LZOFosQ6+k2TxEXKOzI7K1RmjSJXfKVqaErQOnk/e2e0kwCs9rXus/XfrPg1loDtf0c8r0vSbQb6yCiw==
  dependencies:
    penner "^0.1.3"

pixi-text-input@^1.0.6:
  version "1.0.6"
  resolved "https://registry.yarnpkg.com/pixi-text-input/-/pixi-text-input-1.0.6.tgz#d826de4f2d1db9da3dc59fcdf7e4c2c755e3ac57"
  integrity sha512-R2tiJd7XL3nMCIuF0lJBIJFDBry+Iv+hHg8anzcAPPOcWQrwvibKfskY2WrT8SQpvQDMeWoMwHDrbitNJcH13g==

pixi-viewport@^4.31.0:
  version "4.31.0"
  resolved "https://registry.yarnpkg.com/pixi-viewport/-/pixi-viewport-4.31.0.tgz#eb090e790fcdd51992b794d80eca21820ce95249"
  integrity sha512-VnI080My0dBN5b+JQEOdhSEr3zX4jD0CchMxhBfpj2BQoPIUppxTsi/R/kEdQ5ZnjGCn76/k0Q0xeW3WbEKb7g==
  dependencies:
    penner "^0.1.3"

pixi.js@^6.1.2:
  version "6.1.2"
  resolved "https://registry.yarnpkg.com/pixi.js/-/pixi.js-6.1.2.tgz#f66521eb324baeed714e21dd2fa751bf5a362e72"
  integrity sha512-i6MWxeRtgGGIEa58KXHG2/1QZmFxrkmieQMtr5+Bs5Eje5vBaQqmmBcysnSTpYuIlxGnmXXmawf/9cd4aFNTCA==
  dependencies:
    "@pixi/accessibility" "6.1.2"
    "@pixi/app" "6.1.2"
    "@pixi/compressed-textures" "6.1.2"
    "@pixi/constants" "6.1.2"
    "@pixi/core" "6.1.2"
    "@pixi/display" "6.1.2"
    "@pixi/extract" "6.1.2"
    "@pixi/filter-alpha" "6.1.2"
    "@pixi/filter-blur" "6.1.2"
    "@pixi/filter-color-matrix" "6.1.2"
    "@pixi/filter-displacement" "6.1.2"
    "@pixi/filter-fxaa" "6.1.2"
    "@pixi/filter-noise" "6.1.2"
    "@pixi/graphics" "6.1.2"
    "@pixi/interaction" "6.1.2"
    "@pixi/loaders" "6.1.2"
    "@pixi/math" "6.1.2"
    "@pixi/mesh" "6.1.2"
    "@pixi/mesh-extras" "6.1.2"
    "@pixi/mixin-cache-as-bitmap" "6.1.2"
    "@pixi/mixin-get-child-by-name" "6.1.2"
    "@pixi/mixin-get-global-position" "6.1.2"
    "@pixi/particle-container" "6.1.2"
    "@pixi/polyfill" "6.1.2"
    "@pixi/prepare" "6.1.2"
    "@pixi/runner" "6.1.2"
    "@pixi/settings" "6.1.2"
    "@pixi/sprite" "6.1.2"
    "@pixi/sprite-animated" "6.1.2"
    "@pixi/sprite-tiling" "6.1.2"
    "@pixi/spritesheet" "6.1.2"
    "@pixi/text" "6.1.2"
    "@pixi/text-bitmap" "6.1.2"
    "@pixi/ticker" "6.1.2"
    "@pixi/utils" "6.1.2"

promise-polyfill@^8.2.0:
  version "8.2.0"
  resolved "https://registry.yarnpkg.com/promise-polyfill/-/promise-polyfill-8.2.0.tgz#367394726da7561457aba2133c9ceefbd6267da0"
  integrity sha512-k/TC0mIcPVF6yHhUvwAp7cvL6I2fFV7TzF1DuGPI8mBh4QQazf36xCKEHKTZKRysEoTQoQdKyP25J8MPJp7j5g==

punycode@1.3.2:
  version "1.3.2"
  resolved "https://registry.yarnpkg.com/punycode/-/punycode-1.3.2.tgz#9653a036fb7c1ee42342f2325cceefea3926c48d"
  integrity sha1-llOgNvt8HuQjQvIyXM7v6jkmxI0=

querystring@0.2.0:
  version "0.2.0"
  resolved "https://registry.yarnpkg.com/querystring/-/querystring-0.2.0.tgz#b209849203bb25df820da756e747005878521620"
  integrity sha1-sgmEkgO7Jd+CDadW50cAWHhSFiA=

regenerator-runtime@^0.13.9:
  version "0.13.9"
  resolved "https://registry.yarnpkg.com/regenerator-runtime/-/regenerator-runtime-0.13.9.tgz#8925742a98ffd90814988d7566ad30ca3b263b52"
  integrity sha512-p3VT+cOEgxFsRRA9X4lkI1E+k2/CtnKtU4gcxyaCUreilL/vqI6CdZ3wxVUx3UOUg+gnUOQQcRI7BmSI656MYA==

url@^0.11.0:
  version "0.11.0"
  resolved "https://registry.yarnpkg.com/url/-/url-0.11.0.tgz#3838e97cfc60521eb73c525a8e55bfdd9e2e28f1"
  integrity sha1-ODjpfPxgUh63PFJajlW/3Z4uKPE=
  dependencies:
    punycode "1.3.2"
    querystring "0.2.0"
