
Microsoft Visual Studio Solution File, Format Version 12.00
# Visual Studio Version 16
VisualStudioVersion = 16.0.809.3
MinimumVisualStudioVersion = 10.0.40219.1
Project("{9344BDBB-3E7F-41FC-A0DD-8665D75EE146}") = "DemoGames", "demogames\DemoGames.mdproj", "{C82CF4EB-F6D4-42D4-B556-DD195E755A3C}"
EndProject
Global
	GlobalSection(SolutionConfigurationPlatforms) = preSolution
		Default|Any CPU = Default|Any CPU
	EndGlobalSection
	GlobalSection(ProjectConfigurationPlatforms) = postSolution
		{C82CF4EB-F6D4-42D4-B556-DD195E755A3C}.Default|Any CPU.ActiveCfg = Default|Any CPU
		{C82CF4EB-F6D4-42D4-B556-DD195E755A3C}.Default|Any CPU.Build.0 = Default|Any CPU
	EndGlobalSection
	GlobalSection(SolutionProperties) = preSolution
		HideSolutionNode = FALSE
	EndGlobalSection
	GlobalSection(ExtensibilityGlobals) = postSolution
		SolutionGuid = {EEE1895E-90D4-4681-9B83-9EE687CB9E41}
	EndGlobalSection
EndGlobal
